
Microsoft Visual Studio Solution File, Format Version 12.00
# Visual Studio Version 16
VisualStudioVersion = 16.0.30717.126
MinimumVisualStudioVersion = 10.0.40219.1
Project("{FAE04EC0-301F-11D3-BF4B-00C04F79EFBC}") = "WebApi_SP", "WebApi_SP\WebApi_SP.csproj", "{B8177392-D8D7-46F6-BF47-60A3C77C8FA1}"
EndProject
Global
	GlobalSection(SolutionConfigurationPlatforms) = preSolution
		Debug|Any CPU = Debug|Any CPU
		Release|Any CPU = Release|Any CPU
	EndGlobalSection
	GlobalSection(ProjectConfigurationPlatforms) = postSolution
		{B8177392-D8D7-46F6-BF47-60A3C77C8FA1}.Debug|Any CPU.ActiveCfg = Debug|Any CPU
		{B8177392-D8D7-46F6-BF47-60A3C77C8FA1}.Debug|Any CPU.Build.0 = Debug|Any CPU
		{B8177392-D8D7-46F6-BF47-60A3C77C8FA1}.Release|Any CPU.ActiveCfg = Release|Any CPU
		{B8177392-D8D7-46F6-BF47-60A3C77C8FA1}.Release|Any CPU.Build.0 = Release|Any CPU
	EndGlobalSection
	GlobalSection(SolutionProperties) = preSolution
		HideSolutionNode = FALSE
	EndGlobalSection
	GlobalSection(ExtensibilityGlobals) = postSolution
		SolutionGuid = {52CE78E4-E80D-4FEA-9219-10ECDC2C93CB}
	EndGlobalSection
EndGlobal
